
Microsoft Visual Studio Solution File, Format Version 12.00
# Visual Studio 15
VisualStudioVersion = 15.0.26730.12
MinimumVisualStudioVersion = 10.0.40219.1
Project("{FAE04EC0-301F-11D3-BF4B-00C04F79EFBC}") = "fa96", "fa96\fa96.csproj", "{EFD8E77F-1DCD-4A24-AF0E-6839BF42CF9D}"
EndProject
Global
	GlobalSection(SolutionConfigurationPlatforms) = preSolution
		Debug|Any CPU = Debug|Any CPU
		Release|Any CPU = Release|Any CPU
	EndGlobalSection
	GlobalSection(ProjectConfigurationPlatforms) = postSolution
		{EFD8E77F-1DCD-4A24-AF0E-6839BF42CF9D}.Debug|Any CPU.ActiveCfg = Debug|Any CPU
		{EFD8E77F-1DCD-4A24-AF0E-6839BF42CF9D}.Debug|Any CPU.Build.0 = Debug|Any CPU
		{EFD8E77F-1DCD-4A24-AF0E-6839BF42CF9D}.Release|Any CPU.ActiveCfg = Release|Any CPU
		{EFD8E77F-1DCD-4A24-AF0E-6839BF42CF9D}.Release|Any CPU.Build.0 = Release|Any CPU
	EndGlobalSection
	GlobalSection(SolutionProperties) = preSolution
		HideSolutionNode = FALSE
	EndGlobalSection
	GlobalSection(ExtensibilityGlobals) = postSolution
		SolutionGuid = {3261AA01-6192-4701-871C-B8ED53DFC426}
	EndGlobalSection
EndGlobal
